
Microsoft Visual Studio Solution File, Format Version 12.00
# Visual Studio Version 17
VisualStudioVersion = 17.7.34009.444
MinimumVisualStudioVersion = 10.0.40219.1
Project("{2150E333-8FDC-42A3-9474-1A3956D46DE8}") = "ChainOfResponsibilityDesignPattern", "ChainOfResponsibilityDesignPattern", "{4736F486-FEBF-493A-9645-C798145E4601}"
EndProject
Project("{9A19103F-16F7-4668-BE54-9A1E7A4F7556}") = "DesignPattern.ChainOfResponsibility", "ChainOfResponsibilityDesignPattern\DesignPattern.ChainOfResponsibility\DesignPattern.ChainOfResponsibility.csproj", "{D8E6B42A-30D5-40FB-83A2-1716A9F3F53B}"
EndProject
Project("{2150E333-8FDC-42A3-9474-1A3956D46DE8}") = "UnitOfWorkDesignPattern", "UnitOfWorkDesignPattern", "{E220126A-C3CB-4FF9-A512-50F3292A3B47}"
EndProject
Project("{9A19103F-16F7-4668-BE54-9A1E7A4F7556}") = "DesignPattern.UnitOfWork", "UnitOfWorkDesignPattern\DesignPattern.UnitOfWork\DesignPattern.UnitOfWork.csproj", "{C83BE8E8-5A03-4249-89E1-C9383D04A979}"
EndProject
Project("{9A19103F-16F7-4668-BE54-9A1E7A4F7556}") = "DesignPattern.EntityLayer", "UnitOfWorkDesignPattern\DesignPattern.EntityLayer\DesignPattern.EntityLayer.csproj", "{C892D13C-F1D4-458B-B127-813657865371}"
EndProject
Project("{9A19103F-16F7-4668-BE54-9A1E7A4F7556}") = "DesignPattern.DataAccessLayer", "UnitOfWorkDesignPattern\DesignPattern.DataAccessLayer\DesignPattern.DataAccessLayer.csproj", "{8690B05E-F83F-45F6-87B2-388299A99026}"
EndProject
Project("{9A19103F-16F7-4668-BE54-9A1E7A4F7556}") = "DesignPattern.BusinessLayer", "UnitOfWorkDesignPattern\DesignPattern.BusinessLayer\DesignPattern.BusinessLayer.csproj", "{D0CB24AA-6A7D-4B8D-93DE-83CDF0C92334}"
EndProject
Project("{2150E333-8FDC-42A3-9474-1A3956D46DE8}") = "CQRSDesignPattern", "CQRSDesignPattern", "{BACB03A3-5598-4438-BC8F-00C6B2A81CC6}"
EndProject
Project("{9A19103F-16F7-4668-BE54-9A1E7A4F7556}") = "DesignPattern.CQRS", "CQRSDesignPattern\DesignPattern.CQRS\DesignPattern.CQRS.csproj", "{4A644E10-0448-4D41-963C-8E90753DCD0E}"
EndProject
Project("{2150E333-8FDC-42A3-9474-1A3956D46DE8}") = "TemplateMethodDesignPattern", "TemplateMethodDesignPattern", "{5312FD09-1EB2-482E-99D3-04997D5B571D}"
EndProject
Project("{9A19103F-16F7-4668-BE54-9A1E7A4F7556}") = "DesignPattern.TemplateMethod", "TemplateMethodDesignPattern\ConsoleApp1\DesignPattern.TemplateMethod.csproj", "{7D15EEEC-C46B-4407-8952-736369093A99}"
EndProject
Project("{2150E333-8FDC-42A3-9474-1A3956D46DE8}") = "ObserverDesignPattern", "ObserverDesignPattern", "{2863F11C-5B5D-4462-8B4B-B68B20DC639A}"
EndProject
Project("{FAE04EC0-301F-11D3-BF4B-00C04F79EFBC}") = "DesignPattern.Observer", "ObserverDesignPattern\DesignPattern.ObserverDesignPattern\DesignPattern.Observer.csproj", "{23A2AD59-CA11-42EA-9AA5-6078C944FBDD}"
EndProject
Global
	GlobalSection(SolutionConfigurationPlatforms) = preSolution
		Debug|Any CPU = Debug|Any CPU
		Release|Any CPU = Release|Any CPU
	EndGlobalSection
	GlobalSection(ProjectConfigurationPlatforms) = postSolution
		{D8E6B42A-30D5-40FB-83A2-1716A9F3F53B}.Debug|Any CPU.ActiveCfg = Debug|Any CPU
		{D8E6B42A-30D5-40FB-83A2-1716A9F3F53B}.Debug|Any CPU.Build.0 = Debug|Any CPU
		{D8E6B42A-30D5-40FB-83A2-1716A9F3F53B}.Release|Any CPU.ActiveCfg = Release|Any CPU
		{D8E6B42A-30D5-40FB-83A2-1716A9F3F53B}.Release|Any CPU.Build.0 = Release|Any CPU
		{C83BE8E8-5A03-4249-89E1-C9383D04A979}.Debug|Any CPU.ActiveCfg = Debug|Any CPU
		{C83BE8E8-5A03-4249-89E1-C9383D04A979}.Debug|Any CPU.Build.0 = Debug|Any CPU
		{C83BE8E8-5A03-4249-89E1-C9383D04A979}.Release|Any CPU.ActiveCfg = Release|Any CPU
		{C83BE8E8-5A03-4249-89E1-C9383D04A979}.Release|Any CPU.Build.0 = Release|Any CPU
		{C892D13C-F1D4-458B-B127-813657865371}.Debug|Any CPU.ActiveCfg = Debug|Any CPU
		{C892D13C-F1D4-458B-B127-813657865371}.Debug|Any CPU.Build.0 = Debug|Any CPU
		{C892D13C-F1D4-458B-B127-813657865371}.Release|Any CPU.ActiveCfg = Release|Any CPU
		{C892D13C-F1D4-458B-B127-813657865371}.Release|Any CPU.Build.0 = Release|Any CPU
		{8690B05E-F83F-45F6-87B2-388299A99026}.Debug|Any CPU.ActiveCfg = Debug|Any CPU
		{8690B05E-F83F-45F6-87B2-388299A99026}.Debug|Any CPU.Build.0 = Debug|Any CPU
		{8690B05E-F83F-45F6-87B2-388299A99026}.Release|Any CPU.ActiveCfg = Release|Any CPU
		{8690B05E-F83F-45F6-87B2-388299A99026}.Release|Any CPU.Build.0 = Release|Any CPU
		{D0CB24AA-6A7D-4B8D-93DE-83CDF0C92334}.Debug|Any CPU.ActiveCfg = Debug|Any CPU
		{D0CB24AA-6A7D-4B8D-93DE-83CDF0C92334}.Debug|Any CPU.Build.0 = Debug|Any CPU
		{D0CB24AA-6A7D-4B8D-93DE-83CDF0C92334}.Release|Any CPU.ActiveCfg = Release|Any CPU
		{D0CB24AA-6A7D-4B8D-93DE-83CDF0C92334}.Release|Any CPU.Build.0 = Release|Any CPU
		{4A644E10-0448-4D41-963C-8E90753DCD0E}.Debug|Any CPU.ActiveCfg = Debug|Any CPU
		{4A644E10-0448-4D41-963C-8E90753DCD0E}.Debug|Any CPU.Build.0 = Debug|Any CPU
		{4A644E10-0448-4D41-963C-8E90753DCD0E}.Release|Any CPU.ActiveCfg = Release|Any CPU
		{4A644E10-0448-4D41-963C-8E90753DCD0E}.Release|Any CPU.Build.0 = Release|Any CPU
		{7D15EEEC-C46B-4407-8952-736369093A99}.Debug|Any CPU.ActiveCfg = Debug|Any CPU
		{7D15EEEC-C46B-4407-8952-736369093A99}.Debug|Any CPU.Build.0 = Debug|Any CPU
		{7D15EEEC-C46B-4407-8952-736369093A99}.Release|Any CPU.ActiveCfg = Release|Any CPU
		{7D15EEEC-C46B-4407-8952-736369093A99}.Release|Any CPU.Build.0 = Release|Any CPU
		{23A2AD59-CA11-42EA-9AA5-6078C944FBDD}.Debug|Any CPU.ActiveCfg = Debug|Any CPU
		{23A2AD59-CA11-42EA-9AA5-6078C944FBDD}.Debug|Any CPU.Build.0 = Debug|Any CPU
		{23A2AD59-CA11-42EA-9AA5-6078C944FBDD}.Release|Any CPU.ActiveCfg = Release|Any CPU
		{23A2AD59-CA11-42EA-9AA5-6078C944FBDD}.Release|Any CPU.Build.0 = Release|Any CPU
	EndGlobalSection
	GlobalSection(SolutionProperties) = preSolution
		HideSolutionNode = FALSE
	EndGlobalSection
	GlobalSection(NestedProjects) = preSolution
		{D8E6B42A-30D5-40FB-83A2-1716A9F3F53B} = {4736F486-FEBF-493A-9645-C798145E4601}
		{C83BE8E8-5A03-4249-89E1-C9383D04A979} = {E220126A-C3CB-4FF9-A512-50F3292A3B47}
		{C892D13C-F1D4-458B-B127-813657865371} = {E220126A-C3CB-4FF9-A512-50F3292A3B47}
		{8690B05E-F83F-45F6-87B2-388299A99026} = {E220126A-C3CB-4FF9-A512-50F3292A3B47}
		{D0CB24AA-6A7D-4B8D-93DE-83CDF0C92334} = {E220126A-C3CB-4FF9-A512-50F3292A3B47}
		{4A644E10-0448-4D41-963C-8E90753DCD0E} = {BACB03A3-5598-4438-BC8F-00C6B2A81CC6}
		{7D15EEEC-C46B-4407-8952-736369093A99} = {5312FD09-1EB2-482E-99D3-04997D5B571D}
		{23A2AD59-CA11-42EA-9AA5-6078C944FBDD} = {2863F11C-5B5D-4462-8B4B-B68B20DC639A}
	EndGlobalSection
	GlobalSection(ExtensibilityGlobals) = postSolution
		SolutionGuid = {672740EC-175D-4B59-8A35-22EA77443B46}
	EndGlobalSection
EndGlobal
